
Microsoft Visual Studio Solution File, Format Version 12.00
# Visual Studio 15
VisualStudioVersion = 15.0.28307.421
MinimumVisualStudioVersion = 10.0.40219.1
Project("{9A19103F-16F7-4668-BE54-9A1E7A4F7556}") = "TravellingThiefProblemSolver", "TravellingThiefProblemSolver\TravellingThiefProblemSolver.csproj", "{94766395-1582-40A3-A994-DD323DFF5CEF}"
EndProject
Project("{9A19103F-16F7-4668-BE54-9A1E7A4F7556}") = "TTPsolverTests", "TTPsolverTests\TTPsolverTests.csproj", "{AB6C4CCF-E01C-4BAB-A1CE-D690D3A0901B}"
EndProject
Project("{FAE04EC0-301F-11D3-BF4B-00C04F79EFBC}") = "Char", "Char\Char.csproj", "{69CD8B9C-F911-4621-8499-D07089F41C55}"
	ProjectSection(ProjectDependencies) = postProject
		{94766395-1582-40A3-A994-DD323DFF5CEF} = {94766395-1582-40A3-A994-DD323DFF5CEF}
	EndProjectSection
EndProject
Global
	GlobalSection(SolutionConfigurationPlatforms) = preSolution
		Debug|Any CPU = Debug|Any CPU
		Release|Any CPU = Release|Any CPU
	EndGlobalSection
	GlobalSection(ProjectConfigurationPlatforms) = postSolution
		{94766395-1582-40A3-A994-DD323DFF5CEF}.Debug|Any CPU.ActiveCfg = Debug|Any CPU
		{94766395-1582-40A3-A994-DD323DFF5CEF}.Debug|Any CPU.Build.0 = Debug|Any CPU
		{94766395-1582-40A3-A994-DD323DFF5CEF}.Release|Any CPU.ActiveCfg = Release|Any CPU
		{94766395-1582-40A3-A994-DD323DFF5CEF}.Release|Any CPU.Build.0 = Release|Any CPU
		{AB6C4CCF-E01C-4BAB-A1CE-D690D3A0901B}.Debug|Any CPU.ActiveCfg = Debug|Any CPU
		{AB6C4CCF-E01C-4BAB-A1CE-D690D3A0901B}.Debug|Any CPU.Build.0 = Debug|Any CPU
		{AB6C4CCF-E01C-4BAB-A1CE-D690D3A0901B}.Release|Any CPU.ActiveCfg = Release|Any CPU
		{AB6C4CCF-E01C-4BAB-A1CE-D690D3A0901B}.Release|Any CPU.Build.0 = Release|Any CPU
		{69CD8B9C-F911-4621-8499-D07089F41C55}.Debug|Any CPU.ActiveCfg = Debug|Any CPU
		{69CD8B9C-F911-4621-8499-D07089F41C55}.Debug|Any CPU.Build.0 = Debug|Any CPU
		{69CD8B9C-F911-4621-8499-D07089F41C55}.Release|Any CPU.ActiveCfg = Release|Any CPU
		{69CD8B9C-F911-4621-8499-D07089F41C55}.Release|Any CPU.Build.0 = Release|Any CPU
	EndGlobalSection
	GlobalSection(SolutionProperties) = preSolution
		HideSolutionNode = FALSE
	EndGlobalSection
	GlobalSection(ExtensibilityGlobals) = postSolution
		SolutionGuid = {862BA13D-F3F0-49F2-8719-0C41C1A9E0A6}
	EndGlobalSection
EndGlobal
